
Microsoft Visual Studio Solution File, Format Version 12.00
# Visual Studio Version 17
VisualStudioVersion = 17.7.34221.43
MinimumVisualStudioVersion = 10.0.40219.1
Project("{FAE04EC0-301F-11D3-BF4B-00C04F79EFBC}") = "Estruturas de Repetição e Recursividade", "Estruturas de Repetição e Recursividade\Estruturas de Repetição e Recursividade.csproj", "{82F0297D-6D2D-4E9E-97F6-44D154FE09E4}"
EndProject
Global
	GlobalSection(SolutionConfigurationPlatforms) = preSolution
		Debug|Any CPU = Debug|Any CPU
		Release|Any CPU = Release|Any CPU
	EndGlobalSection
	GlobalSection(ProjectConfigurationPlatforms) = postSolution
		{82F0297D-6D2D-4E9E-97F6-44D154FE09E4}.Debug|Any CPU.ActiveCfg = Debug|Any CPU
		{82F0297D-6D2D-4E9E-97F6-44D154FE09E4}.Debug|Any CPU.Build.0 = Debug|Any CPU
		{82F0297D-6D2D-4E9E-97F6-44D154FE09E4}.Release|Any CPU.ActiveCfg = Release|Any CPU
		{82F0297D-6D2D-4E9E-97F6-44D154FE09E4}.Release|Any CPU.Build.0 = Release|Any CPU
	EndGlobalSection
	GlobalSection(SolutionProperties) = preSolution
		HideSolutionNode = FALSE
	EndGlobalSection
	GlobalSection(ExtensibilityGlobals) = postSolution
		SolutionGuid = {F7CB1F8A-06E5-469B-99CC-61B511D83D6F}
	EndGlobalSection
EndGlobal
